
Microsoft Visual Studio Solution File, Format Version 12.00
# Visual Studio Version 16
VisualStudioVersion = 16.0.31005.135
MinimumVisualStudioVersion = 10.0.40219.1
Project("{FAE04EC0-301F-11D3-BF4B-00C04F79EFBC}") = "Bank System", "Bank System\Bank System.csproj", "{13A57475-6218-430E-8423-42395DC9D49F}"
EndProject
Global
	GlobalSection(SolutionConfigurationPlatforms) = preSolution
		Debug|Any CPU = Debug|Any CPU
		Release|Any CPU = Release|Any CPU
	EndGlobalSection
	GlobalSection(ProjectConfigurationPlatforms) = postSolution
		{13A57475-6218-430E-8423-42395DC9D49F}.Debug|Any CPU.ActiveCfg = Debug|Any CPU
		{13A57475-6218-430E-8423-42395DC9D49F}.Debug|Any CPU.Build.0 = Debug|Any CPU
		{13A57475-6218-430E-8423-42395DC9D49F}.Release|Any CPU.ActiveCfg = Release|Any CPU
		{13A57475-6218-430E-8423-42395DC9D49F}.Release|Any CPU.Build.0 = Release|Any CPU
	EndGlobalSection
	GlobalSection(SolutionProperties) = preSolution
		HideSolutionNode = FALSE
	EndGlobalSection
	GlobalSection(ExtensibilityGlobals) = postSolution
		SolutionGuid = {C1B5BA67-F90A-4F90-AA18-BA45680A7A23}
	EndGlobalSection
EndGlobal
